
Microsoft Visual Studio Solution File, Format Version 12.00
# Visual Studio 2012
Project("{FAE04EC0-301F-11D3-BF4B-00C04F79EFBC}") = "FingerprintNetSample", "FingerprintNetSample.csproj", "{8E6CBA4B-2D87-4C62-B797-C906CBDC8A22}"
EndProject
Project("{FAE04EC0-301F-11D3-BF4B-00C04F79EFBC}") = "BLL", "BLL\BLL.csproj", "{DEC01159-44BA-48F5-A632-8E1E663592FB}"
EndProject
Project("{FAE04EC0-301F-11D3-BF4B-00C04F79EFBC}") = "Entidades", "Entidades\Entidades.csproj", "{F2FC58BF-031B-427A-B932-FD0365E84198}"
EndProject
Project("{FAE04EC0-301F-11D3-BF4B-00C04F79EFBC}") = "DAL", "DAL\DAL.csproj", "{718A04E4-94CC-4995-9968-49B1F0C92BC0}"
EndProject
Project("{FAE04EC0-301F-11D3-BF4B-00C04F79EFBC}") = "ByA", "ByA\ByA.csproj", "{29846646-2CE1-4EE3-B9EA-7BF9B50B1FED}"
EndProject
Global
	GlobalSection(SolutionConfigurationPlatforms) = preSolution
		Debug|Any CPU = Debug|Any CPU
		Debug|Mixed Platforms = Debug|Mixed Platforms
		Debug|x86 = Debug|x86
		Release|Any CPU = Release|Any CPU
		Release|Mixed Platforms = Release|Mixed Platforms
		Release|x86 = Release|x86
	EndGlobalSection
	GlobalSection(ProjectConfigurationPlatforms) = postSolution
		{8E6CBA4B-2D87-4C62-B797-C906CBDC8A22}.Debug|Any CPU.ActiveCfg = Debug|Any CPU
		{8E6CBA4B-2D87-4C62-B797-C906CBDC8A22}.Debug|Any CPU.Build.0 = Debug|Any CPU
		{8E6CBA4B-2D87-4C62-B797-C906CBDC8A22}.Debug|Mixed Platforms.ActiveCfg = Debug|Any CPU
		{8E6CBA4B-2D87-4C62-B797-C906CBDC8A22}.Debug|Mixed Platforms.Build.0 = Debug|Any CPU
		{8E6CBA4B-2D87-4C62-B797-C906CBDC8A22}.Debug|x86.ActiveCfg = Debug|Any CPU
		{8E6CBA4B-2D87-4C62-B797-C906CBDC8A22}.Release|Any CPU.ActiveCfg = Release|Any CPU
		{8E6CBA4B-2D87-4C62-B797-C906CBDC8A22}.Release|Any CPU.Build.0 = Release|Any CPU
		{8E6CBA4B-2D87-4C62-B797-C906CBDC8A22}.Release|Mixed Platforms.ActiveCfg = Release|Any CPU
		{8E6CBA4B-2D87-4C62-B797-C906CBDC8A22}.Release|Mixed Platforms.Build.0 = Release|Any CPU
		{8E6CBA4B-2D87-4C62-B797-C906CBDC8A22}.Release|x86.ActiveCfg = Release|Any CPU
		{DEC01159-44BA-48F5-A632-8E1E663592FB}.Debug|Any CPU.ActiveCfg = Debug|Any CPU
		{DEC01159-44BA-48F5-A632-8E1E663592FB}.Debug|Any CPU.Build.0 = Debug|Any CPU
		{DEC01159-44BA-48F5-A632-8E1E663592FB}.Debug|Mixed Platforms.ActiveCfg = Debug|Any CPU
		{DEC01159-44BA-48F5-A632-8E1E663592FB}.Debug|Mixed Platforms.Build.0 = Debug|Any CPU
		{DEC01159-44BA-48F5-A632-8E1E663592FB}.Debug|x86.ActiveCfg = Debug|Any CPU
		{DEC01159-44BA-48F5-A632-8E1E663592FB}.Release|Any CPU.ActiveCfg = Release|Any CPU
		{DEC01159-44BA-48F5-A632-8E1E663592FB}.Release|Any CPU.Build.0 = Release|Any CPU
		{DEC01159-44BA-48F5-A632-8E1E663592FB}.Release|Mixed Platforms.ActiveCfg = Release|Any CPU
		{DEC01159-44BA-48F5-A632-8E1E663592FB}.Release|Mixed Platforms.Build.0 = Release|Any CPU
		{DEC01159-44BA-48F5-A632-8E1E663592FB}.Release|x86.ActiveCfg = Release|Any CPU
		{F2FC58BF-031B-427A-B932-FD0365E84198}.Debug|Any CPU.ActiveCfg = Debug|Any CPU
		{F2FC58BF-031B-427A-B932-FD0365E84198}.Debug|Any CPU.Build.0 = Debug|Any CPU
		{F2FC58BF-031B-427A-B932-FD0365E84198}.Debug|Mixed Platforms.ActiveCfg = Debug|Any CPU
		{F2FC58BF-031B-427A-B932-FD0365E84198}.Debug|Mixed Platforms.Build.0 = Debug|Any CPU
		{F2FC58BF-031B-427A-B932-FD0365E84198}.Debug|x86.ActiveCfg = Debug|Any CPU
		{F2FC58BF-031B-427A-B932-FD0365E84198}.Release|Any CPU.ActiveCfg = Release|Any CPU
		{F2FC58BF-031B-427A-B932-FD0365E84198}.Release|Any CPU.Build.0 = Release|Any CPU
		{F2FC58BF-031B-427A-B932-FD0365E84198}.Release|Mixed Platforms.ActiveCfg = Release|Any CPU
		{F2FC58BF-031B-427A-B932-FD0365E84198}.Release|Mixed Platforms.Build.0 = Release|Any CPU
		{F2FC58BF-031B-427A-B932-FD0365E84198}.Release|x86.ActiveCfg = Release|Any CPU
		{718A04E4-94CC-4995-9968-49B1F0C92BC0}.Debug|Any CPU.ActiveCfg = Debug|Any CPU
		{718A04E4-94CC-4995-9968-49B1F0C92BC0}.Debug|Any CPU.Build.0 = Debug|Any CPU
		{718A04E4-94CC-4995-9968-49B1F0C92BC0}.Debug|Mixed Platforms.ActiveCfg = Debug|Any CPU
		{718A04E4-94CC-4995-9968-49B1F0C92BC0}.Debug|Mixed Platforms.Build.0 = Debug|Any CPU
		{718A04E4-94CC-4995-9968-49B1F0C92BC0}.Debug|x86.ActiveCfg = Debug|Any CPU
		{718A04E4-94CC-4995-9968-49B1F0C92BC0}.Release|Any CPU.ActiveCfg = Release|Any CPU
		{718A04E4-94CC-4995-9968-49B1F0C92BC0}.Release|Any CPU.Build.0 = Release|Any CPU
		{718A04E4-94CC-4995-9968-49B1F0C92BC0}.Release|Mixed Platforms.ActiveCfg = Release|Any CPU
		{718A04E4-94CC-4995-9968-49B1F0C92BC0}.Release|Mixed Platforms.Build.0 = Release|Any CPU
		{718A04E4-94CC-4995-9968-49B1F0C92BC0}.Release|x86.ActiveCfg = Release|Any CPU
		{29846646-2CE1-4EE3-B9EA-7BF9B50B1FED}.Debug|Any CPU.ActiveCfg = Debug|Any CPU
		{29846646-2CE1-4EE3-B9EA-7BF9B50B1FED}.Debug|Any CPU.Build.0 = Debug|Any CPU
		{29846646-2CE1-4EE3-B9EA-7BF9B50B1FED}.Debug|Mixed Platforms.ActiveCfg = Debug|Any CPU
		{29846646-2CE1-4EE3-B9EA-7BF9B50B1FED}.Debug|Mixed Platforms.Build.0 = Debug|Any CPU
		{29846646-2CE1-4EE3-B9EA-7BF9B50B1FED}.Debug|x86.ActiveCfg = Debug|Any CPU
		{29846646-2CE1-4EE3-B9EA-7BF9B50B1FED}.Release|Any CPU.ActiveCfg = Release|Any CPU
		{29846646-2CE1-4EE3-B9EA-7BF9B50B1FED}.Release|Any CPU.Build.0 = Release|Any CPU
		{29846646-2CE1-4EE3-B9EA-7BF9B50B1FED}.Release|Mixed Platforms.ActiveCfg = Release|Any CPU
		{29846646-2CE1-4EE3-B9EA-7BF9B50B1FED}.Release|Mixed Platforms.Build.0 = Release|Any CPU
		{29846646-2CE1-4EE3-B9EA-7BF9B50B1FED}.Release|x86.ActiveCfg = Release|Any CPU
	EndGlobalSection
	GlobalSection(SolutionProperties) = preSolution
		HideSolutionNode = FALSE
	EndGlobalSection
EndGlobal
